
Microsoft Visual Studio Solution File, Format Version 12.00
# Visual Studio Version 17
VisualStudioVersion = 17.14.36804.6 d17.14
MinimumVisualStudioVersion = 10.0.40219.1
Project("{FAE04EC0-301F-11D3-BF4B-00C04F79EFBC}") = "DemoSemanticKernel", "DemoSemanticKernel\DemoSemanticKernel.csproj", "{AE25C5AB-6272-4A81-ADE7-D5B08F1EE1BC}"
EndProject
Global
	GlobalSection(SolutionConfigurationPlatforms) = preSolution
		Debug|Any CPU = Debug|Any CPU
		Release|Any CPU = Release|Any CPU
	EndGlobalSection
	GlobalSection(ProjectConfigurationPlatforms) = postSolution
		{AE25C5AB-6272-4A81-ADE7-D5B08F1EE1BC}.Debug|Any CPU.ActiveCfg = Debug|Any CPU
		{AE25C5AB-6272-4A81-ADE7-D5B08F1EE1BC}.Debug|Any CPU.Build.0 = Debug|Any CPU
		{AE25C5AB-6272-4A81-ADE7-D5B08F1EE1BC}.Release|Any CPU.ActiveCfg = Release|Any CPU
		{AE25C5AB-6272-4A81-ADE7-D5B08F1EE1BC}.Release|Any CPU.Build.0 = Release|Any CPU
	EndGlobalSection
	GlobalSection(SolutionProperties) = preSolution
		HideSolutionNode = FALSE
	EndGlobalSection
	GlobalSection(ExtensibilityGlobals) = postSolution
		SolutionGuid = {3788FD15-AE7C-443C-BB91-7265AF392CD0}
	EndGlobalSection
EndGlobal
